
Microsoft Visual Studio Solution File, Format Version 12.00
# Visual Studio Version 17
VisualStudioVersion = 17.14.36301.6 d17.14
MinimumVisualStudioVersion = 10.0.40219.1
Project("{FAE04EC0-301F-11D3-BF4B-00C04F79EFBC}") = "Devoteam.Demotask", "Devoteam.Demotask\Devoteam.Demotask.csproj", "{EC4F2603-EAC2-4D85-9050-BBF7AA296317}"
EndProject
Project("{FAE04EC0-301F-11D3-BF4B-00C04F79EFBC}") = "Devoteam.DemoTask.Test", "Devoteam.DemoTask.Test\Devoteam.DemoTask.Test.csproj", "{C99371E6-3633-470E-B9BB-30E22A9F4F19}"
EndProject
Global
	GlobalSection(SolutionConfigurationPlatforms) = preSolution
		Debug|Any CPU = Debug|Any CPU
		Release|Any CPU = Release|Any CPU
	EndGlobalSection
	GlobalSection(ProjectConfigurationPlatforms) = postSolution
		{EC4F2603-EAC2-4D85-9050-BBF7AA296317}.Debug|Any CPU.ActiveCfg = Debug|Any CPU
		{EC4F2603-EAC2-4D85-9050-BBF7AA296317}.Debug|Any CPU.Build.0 = Debug|Any CPU
		{EC4F2603-EAC2-4D85-9050-BBF7AA296317}.Release|Any CPU.ActiveCfg = Release|Any CPU
		{EC4F2603-EAC2-4D85-9050-BBF7AA296317}.Release|Any CPU.Build.0 = Release|Any CPU
		{C99371E6-3633-470E-B9BB-30E22A9F4F19}.Debug|Any CPU.ActiveCfg = Debug|Any CPU
		{C99371E6-3633-470E-B9BB-30E22A9F4F19}.Debug|Any CPU.Build.0 = Debug|Any CPU
		{C99371E6-3633-470E-B9BB-30E22A9F4F19}.Release|Any CPU.ActiveCfg = Release|Any CPU
		{C99371E6-3633-470E-B9BB-30E22A9F4F19}.Release|Any CPU.Build.0 = Release|Any CPU
	EndGlobalSection
	GlobalSection(SolutionProperties) = preSolution
		HideSolutionNode = FALSE
	EndGlobalSection
	GlobalSection(ExtensibilityGlobals) = postSolution
		SolutionGuid = {509D6807-962C-4B5C-88B8-974879370C1C}
	EndGlobalSection
EndGlobal
